PODS:
  - Flutter (1.0.0)
  - flutter_plugin_two (0.0.1):
    - Flutter

DEPENDENCIES:
  - Flutter (from `Flutter`)
  - flutter_plugin_two (from `.symlinks/plugins/flutter_plugin_two/ios`)

EXTERNAL SOURCES:
  Flutter:
    :path: Flutter
  flutter_plugin_two:
    :path: ".symlinks/plugins/flutter_plugin_two/ios"

SPEC CHECKSUMS:
  Flutter: 0e3d915762c693b495b44d77113d4970485de6ec
  flutter_plugin_two: 68adab2b19e81d4c805e9e42205bbc4f2499c5b5

PODFILE CHECKSUM: aafe91acc616949ddb318b77800a7f51bffa2a4c

COCOAPODS: 1.9.2
